
Microsoft Visual Studio Solution File, Format Version 12.00
# Visual Studio Version 17
VisualStudioVersion = 17.3.32922.545
MinimumVisualStudioVersion = 10.0.40219.1
Project("{FAE04EC0-301F-11D3-BF4B-00C04F79EFBC}") = "F4L", "F4L\F4L.csproj", "{02C33421-A5C5-4BEC-8D91-204EC7087DF0}"
EndProject
Project("{2150E333-8FDC-42A3-9474-1A3956D46DE8}") = "Projektmappenelemente", "Projektmappenelemente", "{30269238-D1FE-4838-8378-747F40227460}"
	ProjectSection(SolutionItems) = preProject
		.gitignore = .gitignore
	EndProjectSection
EndProject
Project("{FAE04EC0-301F-11D3-BF4B-00C04F79EFBC}") = "F4L.Console", "F4L.Console\F4L.Console.csproj", "{6AFA2E87-30D5-4712-8268-C6B7E00515AA}"
EndProject
Project("{FAE04EC0-301F-11D3-BF4B-00C04F79EFBC}") = "F4L.Common", "F4L.Common\F4L.Common.csproj", "{D5843F95-5BBD-4ABA-BADA-64A45E950DC2}"
EndProject
Global
	GlobalSection(SolutionConfigurationPlatforms) = preSolution
		Debug|Any CPU = Debug|Any CPU
		Release|Any CPU = Release|Any CPU
	EndGlobalSection
	GlobalSection(ProjectConfigurationPlatforms) = postSolution
		{02C33421-A5C5-4BEC-8D91-204EC7087DF0}.Debug|Any CPU.ActiveCfg = Debug|Any CPU
		{02C33421-A5C5-4BEC-8D91-204EC7087DF0}.Debug|Any CPU.Build.0 = Debug|Any CPU
		{02C33421-A5C5-4BEC-8D91-204EC7087DF0}.Release|Any CPU.ActiveCfg = Release|Any CPU
		{02C33421-A5C5-4BEC-8D91-204EC7087DF0}.Release|Any CPU.Build.0 = Release|Any CPU
		{6AFA2E87-30D5-4712-8268-C6B7E00515AA}.Debug|Any CPU.ActiveCfg = Debug|Any CPU
		{6AFA2E87-30D5-4712-8268-C6B7E00515AA}.Debug|Any CPU.Build.0 = Debug|Any CPU
		{6AFA2E87-30D5-4712-8268-C6B7E00515AA}.Release|Any CPU.ActiveCfg = Release|Any CPU
		{6AFA2E87-30D5-4712-8268-C6B7E00515AA}.Release|Any CPU.Build.0 = Release|Any CPU
		{D5843F95-5BBD-4ABA-BADA-64A45E950DC2}.Debug|Any CPU.ActiveCfg = Debug|Any CPU
		{D5843F95-5BBD-4ABA-BADA-64A45E950DC2}.Debug|Any CPU.Build.0 = Debug|Any CPU
		{D5843F95-5BBD-4ABA-BADA-64A45E950DC2}.Release|Any CPU.ActiveCfg = Release|Any CPU
		{D5843F95-5BBD-4ABA-BADA-64A45E950DC2}.Release|Any CPU.Build.0 = Release|Any CPU
	EndGlobalSection
	GlobalSection(SolutionProperties) = preSolution
		HideSolutionNode = FALSE
	EndGlobalSection
	GlobalSection(ExtensibilityGlobals) = postSolution
		SolutionGuid = {AD43E366-79A2-4C8D-A3D1-A2103F694B1A}
	EndGlobalSection
EndGlobal
